
Microsoft Visual Studio Solution File, Format Version 12.00
# Visual Studio 14
VisualStudioVersion = 14.0.25420.1
MinimumVisualStudioVersion = 10.0.40219.1
Project("{FAE04EC0-301F-11D3-BF4B-00C04F79EFBC}") = "NimatorCouchBase", "NimatorCouchBase\NimatorCouchBase.csproj", "{EB4CC1B2-AB26-4C25-802B-4E4C8AD761BD}"
EndProject
Project("{FAE04EC0-301F-11D3-BF4B-00C04F79EFBC}") = "TestNimatorCouchBase", "TestNimatorCouchBase\TestNimatorCouchBase.csproj", "{A5927F61-2A23-41E2-93C8-DD66C097D9B2}"
EndProject
Global
	GlobalSection(SolutionConfigurationPlatforms) = preSolution
		Debug|Any CPU = Debug|Any CPU
		Release|Any CPU = Release|Any CPU
	EndGlobalSection
	GlobalSection(ProjectConfigurationPlatforms) = postSolution
		{EB4CC1B2-AB26-4C25-802B-4E4C8AD761BD}.Debug|Any CPU.ActiveCfg = Debug|Any CPU
		{EB4CC1B2-AB26-4C25-802B-4E4C8AD761BD}.Debug|Any CPU.Build.0 = Debug|Any CPU
		{EB4CC1B2-AB26-4C25-802B-4E4C8AD761BD}.Release|Any CPU.ActiveCfg = Release|Any CPU
		{EB4CC1B2-AB26-4C25-802B-4E4C8AD761BD}.Release|Any CPU.Build.0 = Release|Any CPU
		{A5927F61-2A23-41E2-93C8-DD66C097D9B2}.Debug|Any CPU.ActiveCfg = Debug|Any CPU
		{A5927F61-2A23-41E2-93C8-DD66C097D9B2}.Debug|Any CPU.Build.0 = Debug|Any CPU
		{A5927F61-2A23-41E2-93C8-DD66C097D9B2}.Release|Any CPU.ActiveCfg = Release|Any CPU
		{A5927F61-2A23-41E2-93C8-DD66C097D9B2}.Release|Any CPU.Build.0 = Release|Any CPU
	EndGlobalSection
	GlobalSection(SolutionProperties) = preSolution
		HideSolutionNode = FALSE
	EndGlobalSection
EndGlobal
